
Microsoft Visual Studio Solution File, Format Version 12.00
# Visual Studio Version 16
VisualStudioVersion = 16.0.30104.148
MinimumVisualStudioVersion = 10.0.40219.1
Project("{8BC9CEB8-8B4A-11D0-8D11-00A0C91BC942}") = "Week2", "Week2\Week2.vcxproj", "{7D3E5701-AB87-4211-ACC5-2CA91BDF0B22}"
EndProject
Project("{8BC9CEB8-8B4A-11D0-8D11-00A0C91BC942}") = "Week3. Polygonal Geometry and Modern OpenGL", "Week3. Polygonal Geometry and Modern OpenGL\Week3. Polygonal Geometry and Modern OpenGL.vcxproj", "{A0E84FEB-A7ED-4365-8029-0163BF4B1E8C}"
EndProject
Project("{8BC9CEB8-8B4A-11D0-8D11-00A0C91BC942}") = "Week4. Geometric Transformations", "Week4. Geometric Transformations\Week4. Geometric Transformations.vcxproj", "{66A6405E-AE1A-48C3-AA37-D0835D6381CF}"
EndProject
Project("{8BC9CEB8-8B4A-11D0-8D11-00A0C91BC942}") = "Week5. Shader Programming", "Week5. Shader Programming\Week5. Shader Programming.vcxproj", "{81FB970A-F760-4A2C-944F-EF5354B5FB72}"
EndProject
Global
	GlobalSection(SolutionConfigurationPlatforms) = preSolution
		Debug|x64 = Debug|x64
		Debug|x86 = Debug|x86
		Release|x64 = Release|x64
		Release|x86 = Release|x86
	EndGlobalSection
	GlobalSection(ProjectConfigurationPlatforms) = postSolution
		{7D3E5701-AB87-4211-ACC5-2CA91BDF0B22}.Debug|x64.ActiveCfg = Debug|x64
		{7D3E5701-AB87-4211-ACC5-2CA91BDF0B22}.Debug|x64.Build.0 = Debug|x64
		{7D3E5701-AB87-4211-ACC5-2CA91BDF0B22}.Debug|x86.ActiveCfg = Debug|Win32
		{7D3E5701-AB87-4211-ACC5-2CA91BDF0B22}.Debug|x86.Build.0 = Debug|Win32
		{7D3E5701-AB87-4211-ACC5-2CA91BDF0B22}.Release|x64.ActiveCfg = Release|x64
		{7D3E5701-AB87-4211-ACC5-2CA91BDF0B22}.Release|x64.Build.0 = Release|x64
		{7D3E5701-AB87-4211-ACC5-2CA91BDF0B22}.Release|x86.ActiveCfg = Release|Win32
		{7D3E5701-AB87-4211-ACC5-2CA91BDF0B22}.Release|x86.Build.0 = Release|Win32
		{A0E84FEB-A7ED-4365-8029-0163BF4B1E8C}.Debug|x64.ActiveCfg = Debug|x64
		{A0E84FEB-A7ED-4365-8029-0163BF4B1E8C}.Debug|x64.Build.0 = Debug|x64
		{A0E84FEB-A7ED-4365-8029-0163BF4B1E8C}.Debug|x86.ActiveCfg = Debug|Win32
		{A0E84FEB-A7ED-4365-8029-0163BF4B1E8C}.Debug|x86.Build.0 = Debug|Win32
		{A0E84FEB-A7ED-4365-8029-0163BF4B1E8C}.Release|x64.ActiveCfg = Release|x64
		{A0E84FEB-A7ED-4365-8029-0163BF4B1E8C}.Release|x64.Build.0 = Release|x64
		{A0E84FEB-A7ED-4365-8029-0163BF4B1E8C}.Release|x86.ActiveCfg = Release|Win32
		{A0E84FEB-A7ED-4365-8029-0163BF4B1E8C}.Release|x86.Build.0 = Release|Win32
		{66A6405E-AE1A-48C3-AA37-D0835D6381CF}.Debug|x64.ActiveCfg = Debug|x64
		{66A6405E-AE1A-48C3-AA37-D0835D6381CF}.Debug|x64.Build.0 = Debug|x64
		{66A6405E-AE1A-48C3-AA37-D0835D6381CF}.Debug|x86.ActiveCfg = Debug|Win32
		{66A6405E-AE1A-48C3-AA37-D0835D6381CF}.Debug|x86.Build.0 = Debug|Win32
		{66A6405E-AE1A-48C3-AA37-D0835D6381CF}.Release|x64.ActiveCfg = Release|x64
		{66A6405E-AE1A-48C3-AA37-D0835D6381CF}.Release|x64.Build.0 = Release|x64
		{66A6405E-AE1A-48C3-AA37-D0835D6381CF}.Release|x86.ActiveCfg = Release|Win32
		{66A6405E-AE1A-48C3-AA37-D0835D6381CF}.Release|x86.Build.0 = Release|Win32
		{81FB970A-F760-4A2C-944F-EF5354B5FB72}.Debug|x64.ActiveCfg = Debug|x64
		{81FB970A-F760-4A2C-944F-EF5354B5FB72}.Debug|x64.Build.0 = Debug|x64
		{81FB970A-F760-4A2C-944F-EF5354B5FB72}.Debug|x86.ActiveCfg = Debug|Win32
		{81FB970A-F760-4A2C-944F-EF5354B5FB72}.Debug|x86.Build.0 = Debug|Win32
		{81FB970A-F760-4A2C-944F-EF5354B5FB72}.Release|x64.ActiveCfg = Release|x64
		{81FB970A-F760-4A2C-944F-EF5354B5FB72}.Release|x64.Build.0 = Release|x64
		{81FB970A-F760-4A2C-944F-EF5354B5FB72}.Release|x86.ActiveCfg = Release|Win32
		{81FB970A-F760-4A2C-944F-EF5354B5FB72}.Release|x86.Build.0 = Release|Win32
	EndGlobalSection
	GlobalSection(SolutionProperties) = preSolution
		HideSolutionNode = FALSE
	EndGlobalSection
	GlobalSection(ExtensibilityGlobals) = postSolution
		SolutionGuid = {A910DF7D-FD8B-4679-A6E9-1204BDE079F7}
	EndGlobalSection
EndGlobal
