
Microsoft Visual Studio Solution File, Format Version 12.00
# Visual Studio Version 16
VisualStudioVersion = 16.0.30104.148
MinimumVisualStudioVersion = 10.0.40219.1
Project("{8BC9CEB8-8B4A-11D0-8D11-00A0C91BC942}") = "Vector3D", "Vector3D\Vector3D.vcxproj", "{9D5A2A4D-0B41-4244-A69C-457D570B1E60}"
EndProject
Project("{8BC9CEB8-8B4A-11D0-8D11-00A0C91BC942}") = "Vector2D", "Vector2D\Vector2D.vcxproj", "{229F7BE6-DAA5-4CE5-BC8A-E04F134F7499}"
EndProject
Project("{8BC9CEB8-8B4A-11D0-8D11-00A0C91BC942}") = "Function pointers", "Function pointers\Function pointers.vcxproj", "{25B2A9A3-A892-4CF6-8667-8E1CBB31520F}"
EndProject
Project("{8BC9CEB8-8B4A-11D0-8D11-00A0C91BC942}") = "Passing Function Pointer as a Parameter", "Passing Function Pointer as a Parameter\Passing Function Pointer as a Parameter.vcxproj", "{FBA2894C-F605-4213-824A-9888D745F572}"
EndProject
Project("{8BC9CEB8-8B4A-11D0-8D11-00A0C91BC942}") = "Lambda functions", "Lambda functions\Lambda functions.vcxproj", "{EED06DEC-1B47-4733-9DB0-D3E0C2197476}"
EndProject
Project("{8BC9CEB8-8B4A-11D0-8D11-00A0C91BC942}") = "Polymorphism", "Polymorphism\Polymorphism.vcxproj", "{3B40D95D-0B9F-4050-B4B1-2BC9A7139239}"
EndProject
Project("{8BC9CEB8-8B4A-11D0-8D11-00A0C91BC942}") = "Implicit Surface", "Implicit Surface\Implicit Surface.vcxproj", "{06B5D780-B81D-4228-83D5-3F2022C6DF37}"
EndProject
Global
	GlobalSection(SolutionConfigurationPlatforms) = preSolution
		Debug|x64 = Debug|x64
		Debug|x86 = Debug|x86
		Release|x64 = Release|x64
		Release|x86 = Release|x86
	EndGlobalSection
	GlobalSection(ProjectConfigurationPlatforms) = postSolution
		{9D5A2A4D-0B41-4244-A69C-457D570B1E60}.Debug|x64.ActiveCfg = Debug|x64
		{9D5A2A4D-0B41-4244-A69C-457D570B1E60}.Debug|x64.Build.0 = Debug|x64
		{9D5A2A4D-0B41-4244-A69C-457D570B1E60}.Debug|x86.ActiveCfg = Debug|Win32
		{9D5A2A4D-0B41-4244-A69C-457D570B1E60}.Debug|x86.Build.0 = Debug|Win32
		{9D5A2A4D-0B41-4244-A69C-457D570B1E60}.Release|x64.ActiveCfg = Release|x64
		{9D5A2A4D-0B41-4244-A69C-457D570B1E60}.Release|x64.Build.0 = Release|x64
		{9D5A2A4D-0B41-4244-A69C-457D570B1E60}.Release|x86.ActiveCfg = Release|Win32
		{9D5A2A4D-0B41-4244-A69C-457D570B1E60}.Release|x86.Build.0 = Release|Win32
		{229F7BE6-DAA5-4CE5-BC8A-E04F134F7499}.Debug|x64.ActiveCfg = Debug|x64
		{229F7BE6-DAA5-4CE5-BC8A-E04F134F7499}.Debug|x64.Build.0 = Debug|x64
		{229F7BE6-DAA5-4CE5-BC8A-E04F134F7499}.Debug|x86.ActiveCfg = Debug|Win32
		{229F7BE6-DAA5-4CE5-BC8A-E04F134F7499}.Debug|x86.Build.0 = Debug|Win32
		{229F7BE6-DAA5-4CE5-BC8A-E04F134F7499}.Release|x64.ActiveCfg = Release|x64
		{229F7BE6-DAA5-4CE5-BC8A-E04F134F7499}.Release|x64.Build.0 = Release|x64
		{229F7BE6-DAA5-4CE5-BC8A-E04F134F7499}.Release|x86.ActiveCfg = Release|Win32
		{229F7BE6-DAA5-4CE5-BC8A-E04F134F7499}.Release|x86.Build.0 = Release|Win32
		{25B2A9A3-A892-4CF6-8667-8E1CBB31520F}.Debug|x64.ActiveCfg = Debug|x64
		{25B2A9A3-A892-4CF6-8667-8E1CBB31520F}.Debug|x64.Build.0 = Debug|x64
		{25B2A9A3-A892-4CF6-8667-8E1CBB31520F}.Debug|x86.ActiveCfg = Debug|Win32
		{25B2A9A3-A892-4CF6-8667-8E1CBB31520F}.Debug|x86.Build.0 = Debug|Win32
		{25B2A9A3-A892-4CF6-8667-8E1CBB31520F}.Release|x64.ActiveCfg = Release|x64
		{25B2A9A3-A892-4CF6-8667-8E1CBB31520F}.Release|x64.Build.0 = Release|x64
		{25B2A9A3-A892-4CF6-8667-8E1CBB31520F}.Release|x86.ActiveCfg = Release|Win32
		{25B2A9A3-A892-4CF6-8667-8E1CBB31520F}.Release|x86.Build.0 = Release|Win32
		{FBA2894C-F605-4213-824A-9888D745F572}.Debug|x64.ActiveCfg = Debug|x64
		{FBA2894C-F605-4213-824A-9888D745F572}.Debug|x64.Build.0 = Debug|x64
		{FBA2894C-F605-4213-824A-9888D745F572}.Debug|x86.ActiveCfg = Debug|Win32
		{FBA2894C-F605-4213-824A-9888D745F572}.Debug|x86.Build.0 = Debug|Win32
		{FBA2894C-F605-4213-824A-9888D745F572}.Release|x64.ActiveCfg = Release|x64
		{FBA2894C-F605-4213-824A-9888D745F572}.Release|x64.Build.0 = Release|x64
		{FBA2894C-F605-4213-824A-9888D745F572}.Release|x86.ActiveCfg = Release|Win32
		{FBA2894C-F605-4213-824A-9888D745F572}.Release|x86.Build.0 = Release|Win32
		{EED06DEC-1B47-4733-9DB0-D3E0C2197476}.Debug|x64.ActiveCfg = Debug|x64
		{EED06DEC-1B47-4733-9DB0-D3E0C2197476}.Debug|x64.Build.0 = Debug|x64
		{EED06DEC-1B47-4733-9DB0-D3E0C2197476}.Debug|x86.ActiveCfg = Debug|Win32
		{EED06DEC-1B47-4733-9DB0-D3E0C2197476}.Debug|x86.Build.0 = Debug|Win32
		{EED06DEC-1B47-4733-9DB0-D3E0C2197476}.Release|x64.ActiveCfg = Release|x64
		{EED06DEC-1B47-4733-9DB0-D3E0C2197476}.Release|x64.Build.0 = Release|x64
		{EED06DEC-1B47-4733-9DB0-D3E0C2197476}.Release|x86.ActiveCfg = Release|Win32
		{EED06DEC-1B47-4733-9DB0-D3E0C2197476}.Release|x86.Build.0 = Release|Win32
		{3B40D95D-0B9F-4050-B4B1-2BC9A7139239}.Debug|x64.ActiveCfg = Debug|x64
		{3B40D95D-0B9F-4050-B4B1-2BC9A7139239}.Debug|x64.Build.0 = Debug|x64
		{3B40D95D-0B9F-4050-B4B1-2BC9A7139239}.Debug|x86.ActiveCfg = Debug|Win32
		{3B40D95D-0B9F-4050-B4B1-2BC9A7139239}.Debug|x86.Build.0 = Debug|Win32
		{3B40D95D-0B9F-4050-B4B1-2BC9A7139239}.Release|x64.ActiveCfg = Release|x64
		{3B40D95D-0B9F-4050-B4B1-2BC9A7139239}.Release|x64.Build.0 = Release|x64
		{3B40D95D-0B9F-4050-B4B1-2BC9A7139239}.Release|x86.ActiveCfg = Release|Win32
		{3B40D95D-0B9F-4050-B4B1-2BC9A7139239}.Release|x86.Build.0 = Release|Win32
		{06B5D780-B81D-4228-83D5-3F2022C6DF37}.Debug|x64.ActiveCfg = Debug|x64
		{06B5D780-B81D-4228-83D5-3F2022C6DF37}.Debug|x64.Build.0 = Debug|x64
		{06B5D780-B81D-4228-83D5-3F2022C6DF37}.Debug|x86.ActiveCfg = Debug|Win32
		{06B5D780-B81D-4228-83D5-3F2022C6DF37}.Debug|x86.Build.0 = Debug|Win32
		{06B5D780-B81D-4228-83D5-3F2022C6DF37}.Release|x64.ActiveCfg = Release|x64
		{06B5D780-B81D-4228-83D5-3F2022C6DF37}.Release|x64.Build.0 = Release|x64
		{06B5D780-B81D-4228-83D5-3F2022C6DF37}.Release|x86.ActiveCfg = Release|Win32
		{06B5D780-B81D-4228-83D5-3F2022C6DF37}.Release|x86.Build.0 = Release|Win32
	EndGlobalSection
	GlobalSection(SolutionProperties) = preSolution
		HideSolutionNode = FALSE
	EndGlobalSection
	GlobalSection(ExtensibilityGlobals) = postSolution
		SolutionGuid = {2FC7AF4C-8A5A-4C01-956F-2458DE019C27}
	EndGlobalSection
EndGlobal
